[[package]]
name = "chapter_four"
version = "0.1.0"
dependencies = [
 "csv 1.0.0-beta.5 (registry+https://github.com/rust-lang/crates.io-index)",
]

[[package]]
name = "csv"
version = "1.0.0-beta.5"
source = "registry+https://github.com/rust-lang/crates.io-index"
dependencies = [
 "csv-core 0.1.3 (registry+https://github.com/rust-lang/crates.io-index)",
 "serde 1.0.24 (registry+https://github.com/rust-lang/crates.io-index)",
]

[[package]]
name = "csv-core"
version = "0.1.3"
source = "registry+https://github.com/rust-lang/crates.io-index"
dependencies = [
 "memchr 1.0.2 (registry+https://github.com/rust-lang/crates.io-index)",
]

[[package]]
name = "memchr"
version = "1.0.2"
source = "registry+https://github.com/rust-lang/crates.io-index"

[[package]]
name = "serde"
version = "1.0.24"
source = "registry+https://github.com/rust-lang/crates.io-index"

[metadata]
"checksum csv 1.0.0-beta.5 (registry+https://github.com/rust-lang/crates.io-index)" = "e7a9e063dcebdb56c306f23e672bfd31df3da8ec5f6d696b35f2c29c2a9572f0"
"checksum csv-core 0.1.3 (registry+https://github.com/rust-lang/crates.io-index)" = "ae1fbabf21d9a52d04675cc5b032d7bae24ecdcd22646f7eefcd0496a122686c"
"checksum memchr 1.0.2 (registry+https://github.com/rust-lang/crates.io-index)" = "148fab2e51b4f1cfc66da2a7c32981d1d3c083a803978268bb11fe4b86925e7a"
"checksum serde 1.0.24 (registry+https://github.com/rust-lang/crates.io-index)" = "1c57ab4ec5fa85d08aaf8ed9245899d9bbdd66768945b21113b84d5f595cb6a1"
